// !$*UTF8*$!
{
	archiveVersion = 1;
	classes = {
	};
	objectVersion = 56;
	objects = {

/* Begin PBXBuildFile section */
		413996482CD06638009C6B3B /* CounterViewController.swift in Sources */ = {isa = PBXBuildFile; fileRef = 413996472CD06638009C6B3B /* CounterViewController.swift */; };
		4139964A2CD06646009C6B3B /* CounterViewReactor.swift in Sources */ = {isa = PBXBuildFile; fileRef = 413996492CD06646009C6B3B /* CounterViewReactor.swift */; };
		4139964E2CD06898009C6B3B /* Pods_Reactor_Counter.framework in Frameworks */ = {isa = PBXBuildFile; fileRef = 14DB143A0039DC107C511CDC /* Pods_Reactor_Counter.framework */; };
		4144B98A2CD0658200BFE92A /* Assets.xcassets in Resources */ = {isa = PBXBuildFile; fileRef = 4144B97F2CD0658200BFE92A /* Assets.xcassets */; };
		4144B98C2CD0658200BFE92A /* LaunchScreen.storyboard in Resources */ = {isa = PBXBuildFile; fileRef = 4144B9822CD0658200BFE92A /* LaunchScreen.storyboard */; };
		4144B98E2CD0658200BFE92A /* AppDelegate.swift in Sources */ = {isa = PBXBuildFile; fileRef = 4144B97E2CD0658200BFE92A /* AppDelegate.swift */; };
		4144B98F2CD0658200BFE92A /* Reactor_Counter.xcdatamodeld in Sources */ = {isa = PBXBuildFile; fileRef = 4144B9852CD0658200BFE92A /* Reactor_Counter.xcdatamodeld */; };
		4144B9902CD0658200BFE92A /* SceneDelegate.swift in Sources */ = {isa = PBXBuildFile; fileRef = 4144B9862CD0658200BFE92A /* SceneDelegate.swift */; };
/* End PBXBuildFile section */

/* Begin PBXFileReference section */
		14DB143A0039DC107C511CDC /* Pods_Reactor_Counter.framework */ = {isa = PBXFileReference; explicitFileType = wrapper.framework; includeInIndex = 0; path = Pods_Reactor_Counter.framework; sourceTree = BUILT_PRODUCTS_DIR; };
		2CAE5B8BFC2A069E2D5A42FD /* Pods-Reactor_Counter.debug.xcconfig */ = {isa = PBXFileReference; includeInIndex = 1; lastKnownFileType = text.xcconfig; name = "Pods-Reactor_Counter.debug.xcconfig"; path = "Target Support Files/Pods-Reactor_Counter/Pods-Reactor_Counter.debug.xcconfig"; sourceTree = "<group>"; };
		411115A12CD06573004C19AD /* Reactor_Counter.app */ = {isa = PBXFileReference; explicitFileType = wrapper.application; includeInIndex = 0; path = Reactor_Counter.app; sourceTree = BUILT_PRODUCTS_DIR; };
		413996472CD06638009C6B3B /* CounterViewController.swift */ = {isa = PBXFileReference; lastKnownFileType = sourcecode.swift; path = CounterViewController.swift; sourceTree = "<group>"; };
		413996492CD06646009C6B3B /* CounterViewReactor.swift */ = {isa = PBXFileReference; lastKnownFileType = sourcecode.swift; path = CounterViewReactor.swift; sourceTree = "<group>"; };
		4144B97E2CD0658200BFE92A /* AppDelegate.swift */ = {isa = PBXFileReference; lastKnownFileType = sourcecode.swift; path = AppDelegate.swift; sourceTree = "<group>"; };
		4144B97F2CD0658200BFE92A /* Assets.xcassets */ = {isa = PBXFileReference; lastKnownFileType = folder.assetcatalog; path = Assets.xcassets; sourceTree = "<group>"; };
		4144B9802CD0658200BFE92A /* Info.plist */ = {isa = PBXFileReference; lastKnownFileType = text.plist.xml; path = Info.plist; sourceTree = "<group>"; };
		4144B9812CD0658200BFE92A /* Base */ = {isa = PBXFileReference; lastKnownFileType = file.storyboard; name = Base; path = Base.lproj/LaunchScreen.storyboard; sourceTree = "<group>"; };
		4144B9862CD0658200BFE92A /* SceneDelegate.swift */ = {isa = PBXFileReference; lastKnownFileType = sourcecode.swift; path = SceneDelegate.swift; sourceTree = "<group>"; };
		4144B9892CD0658200BFE92A /* Reactor_Counter.xcdatamodel */ = {isa = PBXFileReference; lastKnownFileType = wrapper.xcdatamodel; path = Reactor_Counter.xcdatamodel; sourceTree = "<group>"; };
		9E2213FA9D122372252E8292 /* Pods-Reactor_Counter.release.xcconfig */ = {isa = PBXFileReference; includeInIndex = 1; lastKnownFileType = text.xcconfig; name = "Pods-Reactor_Counter.release.xcconfig"; path = "Target Support Files/Pods-Reactor_Counter/Pods-Reactor_Counter.release.xcconfig"; sourceTree = "<group>"; };
/* End PBXFileReference section */

/* Begin PBXFrameworksBuildPhase section */
		4111159E2CD06573004C19AD /* Frameworks */ = {
			isa = PBXFrameworksBuildPhase;
			buildActionMask = 2147483647;
			files = (
				4139964E2CD06898009C6B3B /* Pods_Reactor_Counter.framework in Frameworks */,
			);
			runOnlyForDeploymentPostprocessing = 0;
		};
/* End PBXFrameworksBuildPhase section */

/* Begin PBXGroup section */
		411115982CD06573004C19AD = {
			isa = PBXGroup;
			children = (
				4144B9882CD0658200BFE92A /* Reactor_Counter */,
				411115A22CD06573004C19AD /* Products */,
				A9BCC6D37C3D043E5F8BE7A2 /* Pods */,
				E229EB5CB50494D313EF3E88 /* Frameworks */,
			);
			sourceTree = "<group>";
		};
		411115A22CD06573004C19AD /* Products */ = {
			isa = PBXGroup;
			children = (
				411115A12CD06573004C19AD /* Reactor_Counter.app */,
			);
			name = Products;
			sourceTree = "<group>";
		};
		4144B9882CD0658200BFE92A /* Reactor_Counter */ = {
			isa = PBXGroup;
			children = (
				4144B97E2CD0658200BFE92A /* AppDelegate.swift */,
				4144B97F2CD0658200BFE92A /* Assets.xcassets */,
				4144B9802CD0658200BFE92A /* Info.plist */,
				4144B9822CD0658200BFE92A /* LaunchScreen.storyboard */,
				4144B9852CD0658200BFE92A /* Reactor_Counter.xcdatamodeld */,
				4144B9862CD0658200BFE92A /* SceneDelegate.swift */,
				413996472CD06638009C6B3B /* CounterViewController.swift */,
				413996492CD06646009C6B3B /* CounterViewReactor.swift */,
			);
			path = Reactor_Counter;
			sourceTree = "<group>";
		};
		A9BCC6D37C3D043E5F8BE7A2 /* Pods */ = {
			isa = PBXGroup;
			children = (
				2CAE5B8BFC2A069E2D5A42FD /* Pods-Reactor_Counter.debug.xcconfig */,
				9E2213FA9D122372252E8292 /* Pods-Reactor_Counter.release.xcconfig */,
			);
			path = Pods;
			sourceTree = "<group>";
		};
		E229EB5CB50494D313EF3E88 /* Frameworks */ = {
			isa = PBXGroup;
			children = (
				14DB143A0039DC107C511CDC /* Pods_Reactor_Counter.framework */,
			);
			name = Frameworks;
			sourceTree = "<group>";
		};
/* End PBXGroup section */

/* Begin PBXNativeTarget section */
		411115A02CD06573004C19AD /* Reactor_Counter */ = {
			isa = PBXNativeTarget;
			buildConfigurationList = 411115B72CD06574004C19AD /* Build configuration list for PBXNativeTarget "Reactor_Counter" */;
			buildPhases = (
				E85037F9191631F9F230C56B /* [CP] Check Pods Manifest.lock */,
				4111159D2CD06573004C19AD /* Sources */,
				4111159E2CD06573004C19AD /* Frameworks */,
				4111159F2CD06573004C19AD /* Resources */,
				7F21415D5D41D991780B6CEF /* [CP] Embed Pods Frameworks */,
			);
			buildRules = (
			);
			dependencies = (
			);
			name = Reactor_Counter;
			productName = Reactor_Counter;
			productReference = 411115A12CD06573004C19AD /* Reactor_Counter.app */;
			productType = "com.apple.product-type.application";
		};
/* End PBXNativeTarget section */

/* Begin PBXProject section */
		411115992CD06573004C19AD /* Project object */ = {
			isa = PBXProject;
			attributes = {
				BuildIndependentTargetsInParallel = 1;
				LastSwiftUpdateCheck = 1600;
				LastUpgradeCheck = 1600;
				TargetAttributes = {
					411115A02CD06573004C19AD = {
						CreatedOnToolsVersion = 16.0;
					};
				};
			};
			buildConfigurationList = 4111159C2CD06573004C19AD /* Build configuration list for PBXProject "Reactor_Counter" */;
			compatibilityVersion = "Xcode 14.0";
			developmentRegion = en;
			hasScannedForEncodings = 0;
			knownRegions = (
				en,
				Base,
			);
			mainGroup = 411115982CD06573004C19AD;
			productRefGroup = 411115A22CD06573004C19AD /* Products */;
			projectDirPath = "";
			projectRoot = "";
			targets = (
				411115A02CD06573004C19AD /* Reactor_Counter */,
			);
		};
/* End PBXProject section */

/* Begin PBXResourcesBuildPhase section */
		4111159F2CD06573004C19AD /* Resources */ = {
			isa = PBXResourcesBuildPhase;
			buildActionMask = 2147483647;
			files = (
				4144B98A2CD0658200BFE92A /* Assets.xcassets in Resources */,
				4144B98C2CD0658200BFE92A /* LaunchScreen.storyboard in Resources */,
			);
			runOnlyForDeploymentPostprocessing = 0;
		};
/* End PBXResourcesBuildPhase section */

/* Begin PBXShellScriptBuildPhase section */
		7F21415D5D41D991780B6CEF /* [CP] Embed Pods Frameworks */ = {
			isa = PBXShellScriptBuildPhase;
			buildActionMask = 2147483647;
			files = (
			);
			inputFileListPaths = (
				"${PODS_ROOT}/Target Support Files/Pods-Reactor_Counter/Pods-Reactor_Counter-frameworks-${CONFIGURATION}-input-files.xcfilelist",
			);
			name = "[CP] Embed Pods Frameworks";
			outputFileListPaths = (
				"${PODS_ROOT}/Target Support Files/Pods-Reactor_Counter/Pods-Reactor_Counter-frameworks-${CONFIGURATION}-output-files.xcfilelist",
			);
			runOnlyForDeploymentPostprocessing = 0;
			shellPath = /bin/sh;
			shellScript = "\"${PODS_ROOT}/Target Support Files/Pods-Reactor_Counter/Pods-Reactor_Counter-frameworks.sh\"\n";
			showEnvVarsInLog = 0;
		};
		E85037F9191631F9F230C56B /* [CP] Check Pods Manifest.lock */ = {
			isa = PBXShellScriptBuildPhase;
			buildActionMask = 2147483647;
			files = (
			);
			inputFileListPaths = (
			);
			inputPaths = (
				"${PODS_PODFILE_DIR_PATH}/Podfile.lock",
				"${PODS_ROOT}/Manifest.lock",
			);
			name = "[CP] Check Pods Manifest.lock";
			outputFileListPaths = (
			);
			outputPaths = (
				"$(DERIVED_FILE_DIR)/Pods-Reactor_Counter-checkManifestLockResult.txt",
			);
			runOnlyForDeploymentPostprocessing = 0;
			shellPath = /bin/sh;
			shellScript = "diff \"${PODS_PODFILE_DIR_PATH}/Podfile.lock\" \"${PODS_ROOT}/Manifest.lock\" > /dev/null\nif [ $? != 0 ] ; then\n    # print error to STDERR\n    echo \"error: The sandbox is not in sync with the Podfile.lock. Run 'pod install' or update your CocoaPods installation.\" >&2\n    exit 1\nfi\n# This output is used by Xcode 'outputs' to avoid re-running this script phase.\necho \"SUCCESS\" > \"${SCRIPT_OUTPUT_FILE_0}\"\n";
			showEnvVarsInLog = 0;
		};
/* End PBXShellScriptBuildPhase section */

/* Begin PBXSourcesBuildPhase section */
		4111159D2CD06573004C19AD /* Sources */ = {
			isa = PBXSourcesBuildPhase;
			buildActionMask = 2147483647;
			files = (
				413996482CD06638009C6B3B /* CounterViewController.swift in Sources */,
				4139964A2CD06646009C6B3B /* CounterViewReactor.swift in Sources */,
				4144B98E2CD0658200BFE92A /* AppDelegate.swift in Sources */,
				4144B98F2CD0658200BFE92A /* Reactor_Counter.xcdatamodeld in Sources */,
				4144B9902CD0658200BFE92A /* SceneDelegate.swift in Sources */,
			);
			runOnlyForDeploymentPostprocessing = 0;
		};
/* End PBXSourcesBuildPhase section */

/* Begin PBXVariantGroup section */
		4144B9822CD0658200BFE92A /* LaunchScreen.storyboard */ = {
			isa = PBXVariantGroup;
			children = (
				4144B9812CD0658200BFE92A /* Base */,
			);
			name = LaunchScreen.storyboard;
			sourceTree = "<group>";
		};
/* End PBXVariantGroup section */

/* Begin XCBuildConfiguration section */
		411115B82CD06574004C19AD /* Debug */ = {
			isa = XCBuildConfiguration;
			baseConfigurationReference = 2CAE5B8BFC2A069E2D5A42FD /* Pods-Reactor_Counter.debug.xcconfig */;
			buildSettings = {
				ASSETCATALOG_COMPILER_APPICON_NAME = AppIcon;
				ASSETCATALOG_COMPILER_GLOBAL_ACCENT_COLOR_NAME = AccentColor;
				CODE_SIGN_STYLE = Automatic;
				CURRENT_PROJECT_VERSION = 1;
				DEVELOPMENT_TEAM = 9UU59NTC96;
				ENABLE_USER_SCRIPT_SANDBOXING = NO;
				GENERATE_INFOPLIST_FILE = YES;
				INFOPLIST_FILE = Reactor_Counter/Info.plist;
				INFOPLIST_KEY_UIApplicationSupportsIndirectInputEvents = YES;
				INFOPLIST_KEY_UILaunchStoryboardName = LaunchScreen;
				INFOPLIST_KEY_UISupportedInterfaceOrientations_iPad = "UIInterfaceOrientationPortrait UIInterfaceOrientationPortraitUpsideDown UIInterfaceOrientationLandscapeLeft UIInterfaceOrientationLandscapeRight";
				INFOPLIST_KEY_UISupportedInterfaceOrientations_iPhone = "UIInterfaceOrientationPortrait UIInterfaceOrientationLandscapeLeft UIInterfaceOrientationLandscapeRight";
				IPHONEOS_DEPLOYMENT_TARGET = 13.0;
				LD_RUNPATH_SEARCH_PATHS = (
					"$(inherited)",
					"@executable_path/Frameworks",
				);
				MARKETING_VERSION = 1.0;
				PRODUCT_BUNDLE_IDENTIFIER = "com.iOSDevRuel.Reactor-Counter";
				PRODUCT_NAME = "$(TARGET_NAME)";
				SWIFT_EMIT_LOC_STRINGS = YES;
				SWIFT_VERSION = 5.0;
				TARGETED_DEVICE_FAMILY = "1,2";
			};
			name = Debug;
		};
		411115B92CD06574004C19AD /* Release */ = {
			isa = XCBuildConfiguration;
			baseConfigurationReference = 9E2213FA9D122372252E8292 /* Pods-Reactor_Counter.release.xcconfig */;
			buildSettings = {
				ASSETCATALOG_COMPILER_APPICON_NAME = AppIcon;
				ASSETCATALOG_COMPILER_GLOBAL_ACCENT_COLOR_NAME = AccentColor;
				CODE_SIGN_STYLE = Automatic;
				CURRENT_PROJECT_VERSION = 1;
				DEVELOPMENT_TEAM = 9UU59NTC96;
				ENABLE_USER_SCRIPT_SANDBOXING = NO;
				GENERATE_INFOPLIST_FILE = YES;
				INFOPLIST_FILE = Reactor_Counter/Info.plist;
				INFOPLIST_KEY_UIApplicationSupportsIndirectInputEvents = YES;
				INFOPLIST_KEY_UILaunchStoryboardName = LaunchScreen;
				INFOPLIST_KEY_UISupportedInterfaceOrientations_iPad = "UIInterfaceOrientationPortrait UIInterfaceOrientationPortraitUpsideDown UIInterfaceOrientationLandscapeLeft UIInterfaceOrientationLandscapeRight";
				INFOPLIST_KEY_UISupportedInterfaceOrientations_iPhone = "UIInterfaceOrientationPortrait UIInterfaceOrientationLandscapeLeft UIInterfaceOrientationLandscapeRight";
				IPHONEOS_DEPLOYMENT_TARGET = 13.0;
				LD_RUNPATH_SEARCH_PATHS = (
					"$(inherited)",
					"@executable_path/Frameworks",
				);
				MARKETING_VERSION = 1.0;
				PRODUCT_BUNDLE_IDENTIFIER = "com.iOSDevRuel.Reactor-Counter";
				PRODUCT_NAME = "$(TARGET_NAME)";
				SWIFT_EMIT_LOC_STRINGS = YES;
				SWIFT_VERSION = 5.0;
				TARGETED_DEVICE_FAMILY = "1,2";
			};
			name = Release;
		};
		411115BA2CD06574004C19AD /* Debug */ = {
			isa = XCBuildConfiguration;
			buildSettings = {
				ALWAYS_SEARCH_USER_PATHS = NO;
				ASSETCATALOG_COMPILER_GENERATE_SWIFT_ASSET_SYMBOL_EXTENSIONS = YES;
				CLANG_ANALYZER_NONNULL = YES;
				CLANG_ANALYZER_NUMBER_OBJECT_CONVERSION = YES_AGGRESSIVE;
				CLANG_CXX_LANGUAGE_STANDARD = "gnu++20";
				CLANG_ENABLE_MODULES = YES;
				CLANG_ENABLE_OBJC_ARC = YES;
				CLANG_ENABLE_OBJC_WEAK = YES;
				CLANG_WARN_BLOCK_CAPTURE_AUTORELEASING = YES;
				CLANG_WARN_BOOL_CONVERSION = YES;
				CLANG_WARN_COMMA = YES;
				CLANG_WARN_CONSTANT_CONVERSION = YES;
				CLANG_WARN_DEPRECATED_OBJC_IMPLEMENTATIONS = YES;
				CLANG_WARN_DIRECT_OBJC_ISA_USAGE = YES_ERROR;
				CLANG_WARN_DOCUMENTATION_COMMENTS = YES;
				CLANG_WARN_EMPTY_BODY = YES;
				CLANG_WARN_ENUM_CONVERSION = YES;
				CLANG_WARN_INFINITE_RECURSION = YES;
				CLANG_WARN_INT_CONVERSION = YES;
				CLANG_WARN_NON_LITERAL_NULL_CONVERSION = YES;
				CLANG_WARN_OBJC_IMPLICIT_RETAIN_SELF = YES;
				CLANG_WARN_OBJC_LITERAL_CONVERSION = YES;
				CLANG_WARN_OBJC_ROOT_CLASS = YES_ERROR;
				CLANG_WARN_QUOTED_INCLUDE_IN_FRAMEWORK_HEADER = YES;
				CLANG_WARN_RANGE_LOOP_ANALYSIS = YES;
				CLANG_WARN_STRICT_PROTOTYPES = YES;
				CLANG_WARN_SUSPICIOUS_MOVE = YES;
				CLANG_WARN_UNGUARDED_AVAILABILITY = YES_AGGRESSIVE;
				CLANG_WARN_UNREACHABLE_CODE = YES;
				CLANG_WARN__DUPLICATE_METHOD_MATCH = YES;
				COPY_PHASE_STRIP = NO;
				DEBUG_INFORMATION_FORMAT = dwarf;
				ENABLE_STRICT_OBJC_MSGSEND = YES;
				ENABLE_TESTABILITY = YES;
				ENABLE_USER_SCRIPT_SANDBOXING = YES;
				GCC_C_LANGUAGE_STANDARD = gnu17;
				GCC_DYNAMIC_NO_PIC = NO;
				GCC_NO_COMMON_BLOCKS = YES;
				GCC_OPTIMIZATION_LEVEL = 0;
				GCC_PREPROCESSOR_DEFINITIONS = (
					"DEBUG=1",
					"$(inherited)",
				);
				GCC_WARN_64_TO_32_BIT_CONVERSION = YES;
				GCC_WARN_ABOUT_RETURN_TYPE = YES_ERROR;
				GCC_WARN_UNDECLARED_SELECTOR = YES;
				GCC_WARN_UNINITIALIZED_AUTOS = YES_AGGRESSIVE;
				GCC_WARN_UNUSED_FUNCTION = YES;
				GCC_WARN_UNUSED_VARIABLE = YES;
				IPHONEOS_DEPLOYMENT_TARGET = 18.0;
				LOCALIZATION_PREFERS_STRING_CATALOGS = YES;
				MTL_ENABLE_DEBUG_INFO = INCLUDE_SOURCE;
				MTL_FAST_MATH = YES;
				ONLY_ACTIVE_ARCH = YES;
				SDKROOT = iphoneos;
				SWIFT_ACTIVE_COMPILATION_CONDITIONS = "DEBUG $(inherited)";
				SWIFT_OPTIMIZATION_LEVEL = "-Onone";
			};
			name = Debug;
		};
		411115BB2CD06574004C19AD /* Release */ = {
			isa = XCBuildConfiguration;
			buildSettings = {
				ALWAYS_SEARCH_USER_PATHS = NO;
				ASSETCATALOG_COMPILER_GENERATE_SWIFT_ASSET_SYMBOL_EXTENSIONS = YES;
				CLANG_ANALYZER_NONNULL = YES;
				CLANG_ANALYZER_NUMBER_OBJECT_CONVERSION = YES_AGGRESSIVE;
				CLANG_CXX_LANGUAGE_STANDARD = "gnu++20";
				CLANG_ENABLE_MODULES = YES;
				CLANG_ENABLE_OBJC_ARC = YES;
				CLANG_ENABLE_OBJC_WEAK = YES;
				CLANG_WARN_BLOCK_CAPTURE_AUTORELEASING = YES;
				CLANG_WARN_BOOL_CONVERSION = YES;
				CLANG_WARN_COMMA = YES;
				CLANG_WARN_CONSTANT_CONVERSION = YES;
				CLANG_WARN_DEPRECATED_OBJC_IMPLEMENTATIONS = YES;
				CLANG_WARN_DIRECT_OBJC_ISA_USAGE = YES_ERROR;
				CLANG_WARN_DOCUMENTATION_COMMENTS = YES;
				CLANG_WARN_EMPTY_BODY = YES;
				CLANG_WARN_ENUM_CONVERSION = YES;
				CLANG_WARN_INFINITE_RECURSION = YES;
				CLANG_WARN_INT_CONVERSION = YES;
				CLANG_WARN_NON_LITERAL_NULL_CONVERSION = YES;
				CLANG_WARN_OBJC_IMPLICIT_RETAIN_SELF = YES;
				CLANG_WARN_OBJC_LITERAL_CONVERSION = YES;
				CLANG_WARN_OBJC_ROOT_CLASS = YES_ERROR;
				CLANG_WARN_QUOTED_INCLUDE_IN_FRAMEWORK_HEADER = YES;
				CLANG_WARN_RANGE_LOOP_ANALYSIS = YES;
				CLANG_WARN_STRICT_PROTOTYPES = YES;
				CLANG_WARN_SUSPICIOUS_MOVE = YES;
				CLANG_WARN_UNGUARDED_AVAILABILITY = YES_AGGRESSIVE;
				CLANG_WARN_UNREACHABLE_CODE = YES;
				CLANG_WARN__DUPLICATE_METHOD_MATCH = YES;
				COPY_PHASE_STRIP = NO;
				DEBUG_INFORMATION_FORMAT = "dwarf-with-dsym";
				ENABLE_NS_ASSERTIONS = NO;
				ENABLE_STRICT_OBJC_MSGSEND = YES;
				ENABLE_USER_SCRIPT_SANDBOXING = YES;
				GCC_C_LANGUAGE_STANDARD = gnu17;
				GCC_NO_COMMON_BLOCKS = YES;
				GCC_WARN_64_TO_32_BIT_CONVERSION = YES;
				GCC_WARN_ABOUT_RETURN_TYPE = YES_ERROR;
				GCC_WARN_UNDECLARED_SELECTOR = YES;
				GCC_WARN_UNINITIALIZED_AUTOS = YES_AGGRESSIVE;
				GCC_WARN_UNUSED_FUNCTION = YES;
				GCC_WARN_UNUSED_VARIABLE = YES;
				IPHONEOS_DEPLOYMENT_TARGET = 18.0;
				LOCALIZATION_PREFERS_STRING_CATALOGS = YES;
				MTL_ENABLE_DEBUG_INFO = NO;
				MTL_FAST_MATH = YES;
				SDKROOT = iphoneos;
				SWIFT_COMPILATION_MODE = wholemodule;
				VALIDATE_PRODUCT = YES;
			};
			name = Release;
		};
/* End XCBuildConfiguration section */

/* Begin XCConfigurationList section */
		4111159C2CD06573004C19AD /* Build configuration list for PBXProject "Reactor_Counter" */ = {
			isa = XCConfigurationList;
			buildConfigurations = (
				411115BA2CD06574004C19AD /* Debug */,
				411115BB2CD06574004C19AD /* Release */,
			);
			defaultConfigurationIsVisible = 0;
			defaultConfigurationName = Release;
		};
		411115B72CD06574004C19AD /* Build configuration list for PBXNativeTarget "Reactor_Counter" */ = {
			isa = XCConfigurationList;
			buildConfigurations = (
				411115B82CD06574004C19AD /* Debug */,
				411115B92CD06574004C19AD /* Release */,
			);
			defaultConfigurationIsVisible = 0;
			defaultConfigurationName = Release;
		};
/* End XCConfigurationList section */

/* Begin XCVersionGroup section */
		4144B9852CD0658200BFE92A /* Reactor_Counter.xcdatamodeld */ = {
			isa = XCVersionGroup;
			children = (
				4144B9892CD0658200BFE92A /* Reactor_Counter.xcdatamodel */,
			);
			currentVersion = 4144B9892CD0658200BFE92A /* Reactor_Counter.xcdatamodel */;
			path = Reactor_Counter.xcdatamodeld;
			sourceTree = "<group>";
			versionGroupType = wrapper.xcdatamodel;
		};
/* End XCVersionGroup section */
	};
	rootObject = 411115992CD06573004C19AD /* Project object */;
}
